
Microsoft Visual Studio Solution File, Format Version 12.00
# Visual Studio Version 16
VisualStudioVersion = 16.0.31702.278
MinimumVisualStudioVersion = 10.0.40219.1
Project("{8BC9CEB8-8B4A-11D0-8D11-00A0C91BC942}") = "препроцессор №2", "препроцессор №2\препроцессор №2.vcxproj", "{2F5F6F63-110A-40D4-BE3A-3E9A55FD379B}"
EndProject
Global
	GlobalSection(SolutionConfigurationPlatforms) = preSolution
		Debug|x64 = Debug|x64
		Debug|x86 = Debug|x86
		Release|x64 = Release|x64
		Release|x86 = Release|x86
	EndGlobalSection
	GlobalSection(ProjectConfigurationPlatforms) = postSolution
		{2F5F6F63-110A-40D4-BE3A-3E9A55FD379B}.Debug|x64.ActiveCfg = Debug|x64
		{2F5F6F63-110A-40D4-BE3A-3E9A55FD379B}.Debug|x64.Build.0 = Debug|x64
		{2F5F6F63-110A-40D4-BE3A-3E9A55FD379B}.Debug|x86.ActiveCfg = Debug|Win32
		{2F5F6F63-110A-40D4-BE3A-3E9A55FD379B}.Debug|x86.Build.0 = Debug|Win32
		{2F5F6F63-110A-40D4-BE3A-3E9A55FD379B}.Release|x64.ActiveCfg = Release|x64
		{2F5F6F63-110A-40D4-BE3A-3E9A55FD379B}.Release|x64.Build.0 = Release|x64
		{2F5F6F63-110A-40D4-BE3A-3E9A55FD379B}.Release|x86.ActiveCfg = Release|Win32
		{2F5F6F63-110A-40D4-BE3A-3E9A55FD379B}.Release|x86.Build.0 = Release|Win32
	EndGlobalSection
	GlobalSection(SolutionProperties) = preSolution
		HideSolutionNode = FALSE
	EndGlobalSection
	GlobalSection(ExtensibilityGlobals) = postSolution
		SolutionGuid = {B3E5F779-244C-456D-B7A2-FFED2C145A06}
	EndGlobalSection
EndGlobal
